
Microsoft Visual Studio Solution File, Format Version 12.00
# Visual Studio Version 16
VisualStudioVersion = 16.0.29613.14
MinimumVisualStudioVersion = 10.0.40219.1
Project("{888888A0-9F3D-457C-B088-3A5042F75D52}") = "ProjetFinalPython", "ProjetFinalPython\ProjetFinalPython.pyproj", "{FD4DF828-83D6-4AA4-9850-D406449497FF}"
EndProject
Global
	GlobalSection(SolutionConfigurationPlatforms) = preSolution
		Debug|Any CPU = Debug|Any CPU
		Release|Any CPU = Release|Any CPU
	EndGlobalSection
	GlobalSection(ProjectConfigurationPlatforms) = postSolution
		{FD4DF828-83D6-4AA4-9850-D406449497FF}.Debug|Any CPU.ActiveCfg = Debug|Any CPU
		{FD4DF828-83D6-4AA4-9850-D406449497FF}.Release|Any CPU.ActiveCfg = Release|Any CPU
	EndGlobalSection
	GlobalSection(SolutionProperties) = preSolution
		HideSolutionNode = FALSE
	EndGlobalSection
	GlobalSection(ExtensibilityGlobals) = postSolution
		SolutionGuid = {39888691-F413-43F9-B6B7-B64A3B397ACB}
	EndGlobalSection
EndGlobal
